
Microsoft Visual Studio Solution File, Format Version 12.00
# Visual Studio 14
VisualStudioVersion = 14.0.24720.0
MinimumVisualStudioVersion = 10.0.40219.1
Project("{FAE04EC0-301F-11D3-BF4B-00C04F79EFBC}") = "arduino_controller", "arduino_controller\arduino_controller.csproj", "{E8D823A9-859D-4222-8302-D58688E3278E}"
EndProject
Global
	GlobalSection(SolutionConfigurationPlatforms) = preSolution
		Debug|Any CPU = Debug|Any CPU
		Release|Any CPU = Release|Any CPU
	EndGlobalSection
	GlobalSection(ProjectConfigurationPlatforms) = postSolution
		{E8D823A9-859D-4222-8302-D58688E3278E}.Debug|Any CPU.ActiveCfg = Debug|Any CPU
		{E8D823A9-859D-4222-8302-D58688E3278E}.Debug|Any CPU.Build.0 = Debug|Any CPU
		{E8D823A9-859D-4222-8302-D58688E3278E}.Release|Any CPU.ActiveCfg = Release|Any CPU
		{E8D823A9-859D-4222-8302-D58688E3278E}.Release|Any CPU.Build.0 = Release|Any CPU
	EndGlobalSection
	GlobalSection(SolutionProperties) = preSolution
		HideSolutionNode = FALSE
	EndGlobalSection
EndGlobal
